// !$*UTF8*$!
{
	archiveVersion = 1;
	classes = {
	};
	objectVersion = 50;
	objects = {

/* Begin PBXBuildFile section */
		FB23B61A22F6E3D30002D946 /* CollectionViewController.swift in Sources */ = {isa = PBXBuildFile; fileRef = FB23B61922F6E3D30002D946 /* CollectionViewController.swift */; };
		FB23B61C22F6E5B30002D946 /* TestCollectionViewCell.swift in Sources */ = {isa = PBXBuildFile; fileRef = FB23B61B22F6E5B30002D946 /* TestCollectionViewCell.swift */; };
		FB8EFF0A2302BC9600DCD101 /* CodingLayoutViewController.swift in Sources */ = {isa = PBXBuildFile; fileRef = FB8EFF092302BC9600DCD101 /* CodingLayoutViewController.swift */; };
		FB8EFF0C2302BCB400DCD101 /* ReadViewController.swift in Sources */ = {isa = PBXBuildFile; fileRef = FB8EFF0B2302BCB400DCD101 /* ReadViewController.swift */; };
		FB967B4E22E849B200609729 /* DelegateDataSendViewController.swift in Sources */ = {isa = PBXBuildFile; fileRef = FB967B4D22E849B200609729 /* DelegateDataSendViewController.swift */; };
		FB967B5022E8559700609729 /* ExtensionViewController.swift in Sources */ = {isa = PBXBuildFile; fileRef = FB967B4F22E8559700609729 /* ExtensionViewController.swift */; };
		FBBBCF3622F14E600035EF74 /* ScrollViewController.swift in Sources */ = {isa = PBXBuildFile; fileRef = FBBBCF3522F14E600035EF74 /* ScrollViewController.swift */; };
		FBCC720422E7075F0038AA54 /* DelegateDataReceiveViewController.swift in Sources */ = {isa = PBXBuildFile; fileRef = FBCC720322E7075F0038AA54 /* DelegateDataReceiveViewController.swift */; };
		FBE8A7AE22E302DE00CD6625 /* AppDelegate.swift in Sources */ = {isa = PBXBuildFile; fileRef = FBE8A7AD22E302DE00CD6625 /* AppDelegate.swift */; };
		FBE8A7B022E302DE00CD6625 /* ViewController.swift in Sources */ = {isa = PBXBuildFile; fileRef = FBE8A7AF22E302DE00CD6625 /* ViewController.swift */; };
		FBE8A7B322E302DE00CD6625 /* Main.storyboard in Resources */ = {isa = PBXBuildFile; fileRef = FBE8A7B122E302DE00CD6625 /* Main.storyboard */; };
		FBE8A7B522E302DF00CD6625 /* Assets.xcassets in Resources */ = {isa = PBXBuildFile; fileRef = FBE8A7B422E302DF00CD6625 /* Assets.xcassets */; };
		FBE8A7B822E302DF00CD6625 /* LaunchScreen.storyboard in Resources */ = {isa = PBXBuildFile; fileRef = FBE8A7B622E302DF00CD6625 /* LaunchScreen.storyboard */; };
		FBE8A7C022E576AD00CD6625 /* DelegateViewController.swift in Sources */ = {isa = PBXBuildFile; fileRef = FBE8A7BF22E576AD00CD6625 /* DelegateViewController.swift */; };
		FBF8F34A22F2B69400B50121 /* PanGestureViewController.swift in Sources */ = {isa = PBXBuildFile; fileRef = FBF8F34922F2B69400B50121 /* PanGestureViewController.swift */; };
/* End PBXBuildFile section */

/* Begin PBXFileReference section */
		FB23B61922F6E3D30002D946 /* CollectionViewController.swift */ = {isa = PBXFileReference; lastKnownFileType = sourcecode.swift; path = CollectionViewController.swift; sourceTree = "<group>"; };
		FB23B61B22F6E5B30002D946 /* TestCollectionViewCell.swift */ = {isa = PBXFileReference; lastKnownFileType = sourcecode.swift; path = TestCollectionViewCell.swift; sourceTree = "<group>"; };
		FB8EFF092302BC9600DCD101 /* CodingLayoutViewController.swift */ = {isa = PBXFileReference; lastKnownFileType = sourcecode.swift; path = CodingLayoutViewController.swift; sourceTree = "<group>"; };
		FB8EFF0B2302BCB400DCD101 /* ReadViewController.swift */ = {isa = PBXFileReference; lastKnownFileType = sourcecode.swift; path = ReadViewController.swift; sourceTree = "<group>"; };
		FB967B4D22E849B200609729 /* DelegateDataSendViewController.swift */ = {isa = PBXFileReference; lastKnownFileType = sourcecode.swift; path = DelegateDataSendViewController.swift; sourceTree = "<group>"; };
		FB967B4F22E8559700609729 /* ExtensionViewController.swift */ = {isa = PBXFileReference; lastKnownFileType = sourcecode.swift; path = ExtensionViewController.swift; sourceTree = "<group>"; };
		FBBBCF3522F14E600035EF74 /* ScrollViewController.swift */ = {isa = PBXFileReference; lastKnownFileType = sourcecode.swift; path = ScrollViewController.swift; sourceTree = "<group>"; };
		FBCC720322E7075F0038AA54 /* DelegateDataReceiveViewController.swift */ = {isa = PBXFileReference; lastKnownFileType = sourcecode.swift; path = DelegateDataReceiveViewController.swift; sourceTree = "<group>"; };
		FBE8A7AA22E302DE00CD6625 /* ForGitExperience.app */ = {isa = PBXFileReference; explicitFileType = wrapper.application; includeInIndex = 0; path = ForGitExperience.app; sourceTree = BUILT_PRODUCTS_DIR; };
		FBE8A7AD22E302DE00CD6625 /* AppDelegate.swift */ = {isa = PBXFileReference; lastKnownFileType = sourcecode.swift; path = AppDelegate.swift; sourceTree = "<group>"; };
		FBE8A7AF22E302DE00CD6625 /* ViewController.swift */ = {isa = PBXFileReference; lastKnownFileType = sourcecode.swift; path = ViewController.swift; sourceTree = "<group>"; };
		FBE8A7B222E302DE00CD6625 /* Base */ = {isa = PBXFileReference; lastKnownFileType = file.storyboard; name = Base; path = Base.lproj/Main.storyboard; sourceTree = "<group>"; };
		FBE8A7B422E302DF00CD6625 /* Assets.xcassets */ = {isa = PBXFileReference; lastKnownFileType = folder.assetcatalog; path = Assets.xcassets; sourceTree = "<group>"; };
		FBE8A7B722E302DF00CD6625 /* Base */ = {isa = PBXFileReference; lastKnownFileType = file.storyboard; name = Base; path = Base.lproj/LaunchScreen.storyboard; sourceTree = "<group>"; };
		FBE8A7B922E302DF00CD6625 /* Info.plist */ = {isa = PBXFileReference; lastKnownFileType = text.plist.xml; path = Info.plist; sourceTree = "<group>"; };
		FBE8A7BF22E576AD00CD6625 /* DelegateViewController.swift */ = {isa = PBXFileReference; lastKnownFileType = sourcecode.swift; path = DelegateViewController.swift; sourceTree = "<group>"; };
		FBF8F34922F2B69400B50121 /* PanGestureViewController.swift */ = {isa = PBXFileReference; lastKnownFileType = sourcecode.swift; path = PanGestureViewController.swift; sourceTree = "<group>"; };
/* End PBXFileReference section */

/* Begin PBXFrameworksBuildPhase section */
		FBE8A7A722E302DE00CD6625 /* Frameworks */ = {
			isa = PBXFrameworksBuildPhase;
			buildActionMask = 2147483647;
			files = (
			);
			runOnlyForDeploymentPostprocessing = 0;
		};
/* End PBXFrameworksBuildPhase section */

/* Begin PBXGroup section */
		FBE8A7A122E302DE00CD6625 = {
			isa = PBXGroup;
			children = (
				FBE8A7AC22E302DE00CD6625 /* ForGitExperience */,
				FBE8A7AB22E302DE00CD6625 /* Products */,
			);
			sourceTree = "<group>";
		};
		FBE8A7AB22E302DE00CD6625 /* Products */ = {
			isa = PBXGroup;
			children = (
				FBE8A7AA22E302DE00CD6625 /* ForGitExperience.app */,
			);
			name = Products;
			sourceTree = "<group>";
		};
		FBE8A7AC22E302DE00CD6625 /* ForGitExperience */ = {
			isa = PBXGroup;
			children = (
				FBE8A7AD22E302DE00CD6625 /* AppDelegate.swift */,
				FBE8A7AF22E302DE00CD6625 /* ViewController.swift */,
				FBE8A7BF22E576AD00CD6625 /* DelegateViewController.swift */,
				FBCC720322E7075F0038AA54 /* DelegateDataReceiveViewController.swift */,
				FB967B4D22E849B200609729 /* DelegateDataSendViewController.swift */,
				FB967B4F22E8559700609729 /* ExtensionViewController.swift */,
				FBBBCF3522F14E600035EF74 /* ScrollViewController.swift */,
				FBF8F34922F2B69400B50121 /* PanGestureViewController.swift */,
				FB23B61922F6E3D30002D946 /* CollectionViewController.swift */,
				FB8EFF092302BC9600DCD101 /* CodingLayoutViewController.swift */,
				FB8EFF0B2302BCB400DCD101 /* ReadViewController.swift */,
				FBE8A7B122E302DE00CD6625 /* Main.storyboard */,
				FB23B61B22F6E5B30002D946 /* TestCollectionViewCell.swift */,
				FBE8A7B422E302DF00CD6625 /* Assets.xcassets */,
				FBE8A7B622E302DF00CD6625 /* LaunchScreen.storyboard */,
				FBE8A7B922E302DF00CD6625 /* Info.plist */,
			);
			path = ForGitExperience;
			sourceTree = "<group>";
		};
/* End PBXGroup section */

/* Begin PBXNativeTarget section */
		FBE8A7A922E302DE00CD6625 /* ForGitExperience */ = {
			isa = PBXNativeTarget;
			buildConfigurationList = FBE8A7BC22E302DF00CD6625 /* Build configuration list for PBXNativeTarget "ForGitExperience" */;
			buildPhases = (
				FBE8A7A622E302DE00CD6625 /* Sources */,
				FBE8A7A722E302DE00CD6625 /* Frameworks */,
				FBE8A7A822E302DE00CD6625 /* Resources */,
			);
			buildRules = (
			);
			dependencies = (
			);
			name = ForGitExperience;
			productName = ForGitExperience;
			productReference = FBE8A7AA22E302DE00CD6625 /* ForGitExperience.app */;
			productType = "com.apple.product-type.application";
		};
/* End PBXNativeTarget section */

/* Begin PBXProject section */
		FBE8A7A222E302DE00CD6625 /* Project object */ = {
			isa = PBXProject;
			attributes = {
				LastSwiftUpdateCheck = 1020;
				LastUpgradeCheck = 1020;
				ORGANIZATIONNAME = uykim3;
				TargetAttributes = {
					FBE8A7A922E302DE00CD6625 = {
						CreatedOnToolsVersion = 10.2.1;
					};
				};
			};
			buildConfigurationList = FBE8A7A522E302DE00CD6625 /* Build configuration list for PBXProject "ForGitExperience" */;
			compatibilityVersion = "Xcode 9.3";
			developmentRegion = en;
			hasScannedForEncodings = 0;
			knownRegions = (
				en,
				Base,
			);
			mainGroup = FBE8A7A122E302DE00CD6625;
			productRefGroup = FBE8A7AB22E302DE00CD6625 /* Products */;
			projectDirPath = "";
			projectRoot = "";
			targets = (
				FBE8A7A922E302DE00CD6625 /* ForGitExperience */,
			);
		};
/* End PBXProject section */

/* Begin PBXResourcesBuildPhase section */
		FBE8A7A822E302DE00CD6625 /* Resources */ = {
			isa = PBXResourcesBuildPhase;
			buildActionMask = 2147483647;
			files = (
				FBE8A7B822E302DF00CD6625 /* LaunchScreen.storyboard in Resources */,
				FBE8A7B522E302DF00CD6625 /* Assets.xcassets in Resources */,
				FBE8A7B322E302DE00CD6625 /* Main.storyboard in Resources */,
			);
			runOnlyForDeploymentPostprocessing = 0;
		};
/* End PBXResourcesBuildPhase section */

/* Begin PBXSourcesBuildPhase section */
		FBE8A7A622E302DE00CD6625 /* Sources */ = {
			isa = PBXSourcesBuildPhase;
			buildActionMask = 2147483647;
			files = (
				FB23B61C22F6E5B30002D946 /* TestCollectionViewCell.swift in Sources */,
				FB23B61A22F6E3D30002D946 /* CollectionViewController.swift in Sources */,
				FB8EFF0A2302BC9600DCD101 /* CodingLayoutViewController.swift in Sources */,
				FBE8A7B022E302DE00CD6625 /* ViewController.swift in Sources */,
				FB967B4E22E849B200609729 /* DelegateDataSendViewController.swift in Sources */,
				FB967B5022E8559700609729 /* ExtensionViewController.swift in Sources */,
				FBBBCF3622F14E600035EF74 /* ScrollViewController.swift in Sources */,
				FBE8A7AE22E302DE00CD6625 /* AppDelegate.swift in Sources */,
				FBCC720422E7075F0038AA54 /* DelegateDataReceiveViewController.swift in Sources */,
				FBF8F34A22F2B69400B50121 /* PanGestureViewController.swift in Sources */,
				FB8EFF0C2302BCB400DCD101 /* ReadViewController.swift in Sources */,
				FBE8A7C022E576AD00CD6625 /* DelegateViewController.swift in Sources */,
			);
			runOnlyForDeploymentPostprocessing = 0;
		};
/* End PBXSourcesBuildPhase section */

/* Begin PBXVariantGroup section */
		FBE8A7B122E302DE00CD6625 /* Main.storyboard */ = {
			isa = PBXVariantGroup;
			children = (
				FBE8A7B222E302DE00CD6625 /* Base */,
			);
			name = Main.storyboard;
			sourceTree = "<group>";
		};
		FBE8A7B622E302DF00CD6625 /* LaunchScreen.storyboard */ = {
			isa = PBXVariantGroup;
			children = (
				FBE8A7B722E302DF00CD6625 /* Base */,
			);
			name = LaunchScreen.storyboard;
			sourceTree = "<group>";
		};
/* End PBXVariantGroup section */

/* Begin XCBuildConfiguration section */
		FBE8A7BA22E302DF00CD6625 /* Debug */ = {
			isa = XCBuildConfiguration;
			buildSettings = {
				ALWAYS_SEARCH_USER_PATHS = NO;
				CLANG_ANALYZER_NONNULL = YES;
				CLANG_ANALYZER_NUMBER_OBJECT_CONVERSION = YES_AGGRESSIVE;
				CLANG_CXX_LANGUAGE_STANDARD = "gnu++14";
				CLANG_CXX_LIBRARY = "libc++";
				CLANG_ENABLE_MODULES = YES;
				CLANG_ENABLE_OBJC_ARC = YES;
				CLANG_ENABLE_OBJC_WEAK = YES;
				CLANG_WARN_BLOCK_CAPTURE_AUTORELEASING = YES;
				CLANG_WARN_BOOL_CONVERSION = YES;
				CLANG_WARN_COMMA = YES;
				CLANG_WARN_CONSTANT_CONVERSION = YES;
				CLANG_WARN_DEPRECATED_OBJC_IMPLEMENTATIONS = YES;
				CLANG_WARN_DIRECT_OBJC_ISA_USAGE = YES_ERROR;
				CLANG_WARN_DOCUMENTATION_COMMENTS = YES;
				CLANG_WARN_EMPTY_BODY = YES;
				CLANG_WARN_ENUM_CONVERSION = YES;
				CLANG_WARN_INFINITE_RECURSION = YES;
				CLANG_WARN_INT_CONVERSION = YES;
				CLANG_WARN_NON_LITERAL_NULL_CONVERSION = YES;
				CLANG_WARN_OBJC_IMPLICIT_RETAIN_SELF = YES;
				CLANG_WARN_OBJC_LITERAL_CONVERSION = YES;
				CLANG_WARN_OBJC_ROOT_CLASS = YES_ERROR;
				CLANG_WARN_RANGE_LOOP_ANALYSIS = YES;
				CLANG_WARN_STRICT_PROTOTYPES = YES;
				CLANG_WARN_SUSPICIOUS_MOVE = YES;
				CLANG_WARN_UNGUARDED_AVAILABILITY = YES_AGGRESSIVE;
				CLANG_WARN_UNREACHABLE_CODE = YES;
				CLANG_WARN__DUPLICATE_METHOD_MATCH = YES;
				CODE_SIGN_IDENTITY = "iPhone Developer";
				COPY_PHASE_STRIP = NO;
				DEBUG_INFORMATION_FORMAT = dwarf;
				ENABLE_STRICT_OBJC_MSGSEND = YES;
				ENABLE_TESTABILITY = YES;
				GCC_C_LANGUAGE_STANDARD = gnu11;
				GCC_DYNAMIC_NO_PIC = NO;
				GCC_NO_COMMON_BLOCKS = YES;
				GCC_OPTIMIZATION_LEVEL = 0;
				GCC_PREPROCESSOR_DEFINITIONS = (
					"DEBUG=1",
					"$(inherited)",
				);
				GCC_WARN_64_TO_32_BIT_CONVERSION = YES;
				GCC_WARN_ABOUT_RETURN_TYPE = YES_ERROR;
				GCC_WARN_UNDECLARED_SELECTOR = YES;
				GCC_WARN_UNINITIALIZED_AUTOS = YES_AGGRESSIVE;
				GCC_WARN_UNUSED_FUNCTION = YES;
				GCC_WARN_UNUSED_VARIABLE = YES;
				IPHONEOS_DEPLOYMENT_TARGET = 12.2;
				MTL_ENABLE_DEBUG_INFO = INCLUDE_SOURCE;
				MTL_FAST_MATH = YES;
				ONLY_ACTIVE_ARCH = YES;
				SDKROOT = iphoneos;
				SWIFT_ACTIVE_COMPILATION_CONDITIONS = DEBUG;
				SWIFT_OPTIMIZATION_LEVEL = "-Onone";
			};
			name = Debug;
		};
		FBE8A7BB22E302DF00CD6625 /* Release */ = {
			isa = XCBuildConfiguration;
			buildSettings = {
				ALWAYS_SEARCH_USER_PATHS = NO;
				CLANG_ANALYZER_NONNULL = YES;
				CLANG_ANALYZER_NUMBER_OBJECT_CONVERSION = YES_AGGRESSIVE;
				CLANG_CXX_LANGUAGE_STANDARD = "gnu++14";
				CLANG_CXX_LIBRARY = "libc++";
				CLANG_ENABLE_MODULES = YES;
				CLANG_ENABLE_OBJC_ARC = YES;
				CLANG_ENABLE_OBJC_WEAK = YES;
				CLANG_WARN_BLOCK_CAPTURE_AUTORELEASING = YES;
				CLANG_WARN_BOOL_CONVERSION = YES;
				CLANG_WARN_COMMA = YES;
				CLANG_WARN_CONSTANT_CONVERSION = YES;
				CLANG_WARN_DEPRECATED_OBJC_IMPLEMENTATIONS = YES;
				CLANG_WARN_DIRECT_OBJC_ISA_USAGE = YES_ERROR;
				CLANG_WARN_DOCUMENTATION_COMMENTS = YES;
				CLANG_WARN_EMPTY_BODY = YES;
				CLANG_WARN_ENUM_CONVERSION = YES;
				CLANG_WARN_INFINITE_RECURSION = YES;
				CLANG_WARN_INT_CONVERSION = YES;
				CLANG_WARN_NON_LITERAL_NULL_CONVERSION = YES;
				CLANG_WARN_OBJC_IMPLICIT_RETAIN_SELF = YES;
				CLANG_WARN_OBJC_LITERAL_CONVERSION = YES;
				CLANG_WARN_OBJC_ROOT_CLASS = YES_ERROR;
				CLANG_WARN_RANGE_LOOP_ANALYSIS = YES;
				CLANG_WARN_STRICT_PROTOTYPES = YES;
				CLANG_WARN_SUSPICIOUS_MOVE = YES;
				CLANG_WARN_UNGUARDED_AVAILABILITY = YES_AGGRESSIVE;
				CLANG_WARN_UNREACHABLE_CODE = YES;
				CLANG_WARN__DUPLICATE_METHOD_MATCH = YES;
				CODE_SIGN_IDENTITY = "iPhone Developer";
				COPY_PHASE_STRIP = NO;
				DEBUG_INFORMATION_FORMAT = "dwarf-with-dsym";
				ENABLE_NS_ASSERTIONS = NO;
				ENABLE_STRICT_OBJC_MSGSEND = YES;
				GCC_C_LANGUAGE_STANDARD = gnu11;
				GCC_NO_COMMON_BLOCKS = YES;
				GCC_WARN_64_TO_32_BIT_CONVERSION = YES;
				GCC_WARN_ABOUT_RETURN_TYPE = YES_ERROR;
				GCC_WARN_UNDECLARED_SELECTOR = YES;
				GCC_WARN_UNINITIALIZED_AUTOS = YES_AGGRESSIVE;
				GCC_WARN_UNUSED_FUNCTION = YES;
				GCC_WARN_UNUSED_VARIABLE = YES;
				IPHONEOS_DEPLOYMENT_TARGET = 12.2;
				MTL_ENABLE_DEBUG_INFO = NO;
				MTL_FAST_MATH = YES;
				SDKROOT = iphoneos;
				SWIFT_COMPILATION_MODE = wholemodule;
				SWIFT_OPTIMIZATION_LEVEL = "-O";
				VALIDATE_PRODUCT = YES;
			};
			name = Release;
		};
		FBE8A7BD22E302DF00CD6625 /* Debug */ = {
			isa = XCBuildConfiguration;
			buildSettings = {
				ASSETCATALOG_COMPILER_APPICON_NAME = AppIcon;
				CODE_SIGN_STYLE = Automatic;
				DEVELOPMENT_TEAM = 833DD2H3KD;
				INFOPLIST_FILE = ForGitExperience/Info.plist;
				LD_RUNPATH_SEARCH_PATHS = (
					"$(inherited)",
					"@executable_path/Frameworks",
				);
				PRODUCT_BUNDLE_IDENTIFIER = com.uykim3.ForGitExperience;
				PRODUCT_NAME = "$(TARGET_NAME)";
				SWIFT_VERSION = 5.0;
				TARGETED_DEVICE_FAMILY = "1,2";
			};
			name = Debug;
		};
		FBE8A7BE22E302DF00CD6625 /* Release */ = {
			isa = XCBuildConfiguration;
			buildSettings = {
				ASSETCATALOG_COMPILER_APPICON_NAME = AppIcon;
				CODE_SIGN_STYLE = Automatic;
				DEVELOPMENT_TEAM = 833DD2H3KD;
				INFOPLIST_FILE = ForGitExperience/Info.plist;
				LD_RUNPATH_SEARCH_PATHS = (
					"$(inherited)",
					"@executable_path/Frameworks",
				);
				PRODUCT_BUNDLE_IDENTIFIER = com.uykim3.ForGitExperience;
				PRODUCT_NAME = "$(TARGET_NAME)";
				SWIFT_VERSION = 5.0;
				TARGETED_DEVICE_FAMILY = "1,2";
			};
			name = Release;
		};
/* End XCBuildConfiguration section */

/* Begin XCConfigurationList section */
		FBE8A7A522E302DE00CD6625 /* Build configuration list for PBXProject "ForGitExperience" */ = {
			isa = XCConfigurationList;
			buildConfigurations = (
				FBE8A7BA22E302DF00CD6625 /* Debug */,
				FBE8A7BB22E302DF00CD6625 /* Release */,
			);
			defaultConfigurationIsVisible = 0;
			defaultConfigurationName = Release;
		};
		FBE8A7BC22E302DF00CD6625 /* Build configuration list for PBXNativeTarget "ForGitExperience" */ = {
			isa = XCConfigurationList;
			buildConfigurations = (
				FBE8A7BD22E302DF00CD6625 /* Debug */,
				FBE8A7BE22E302DF00CD6625 /* Release */,
			);
			defaultConfigurationIsVisible = 0;
			defaultConfigurationName = Release;
		};
/* End XCConfigurationList section */
	};
	rootObject = FBE8A7A222E302DE00CD6625 /* Project object */;
}
